
Microsoft Visual Studio Solution File, Format Version 12.00
# Visual Studio 15
VisualStudioVersion = 15.0.28010.2036
MinimumVisualStudioVersion = 10.0.40219.1
Project("{FAE04EC0-301F-11D3-BF4B-00C04F79EFBC}") = "NetCoreLearn", "NetCoreLearn\NetCoreLearn.csproj", "{445E5C21-D29B-4A9F-B1F7-C33EEAB81CDD}"
EndProject
Global
	GlobalSection(SolutionConfigurationPlatforms) = preSolution
		Debug|Any CPU = Debug|Any CPU
		Release|Any CPU = Release|Any CPU
	EndGlobalSection
	GlobalSection(ProjectConfigurationPlatforms) = postSolution
		{445E5C21-D29B-4A9F-B1F7-C33EEAB81CDD}.Debug|Any CPU.ActiveCfg = Debug|Any CPU
		{445E5C21-D29B-4A9F-B1F7-C33EEAB81CDD}.Debug|Any CPU.Build.0 = Debug|Any CPU
		{445E5C21-D29B-4A9F-B1F7-C33EEAB81CDD}.Release|Any CPU.ActiveCfg = Release|Any CPU
		{445E5C21-D29B-4A9F-B1F7-C33EEAB81CDD}.Release|Any CPU.Build.0 = Release|Any CPU
	EndGlobalSection
	GlobalSection(SolutionProperties) = preSolution
		HideSolutionNode = FALSE
	EndGlobalSection
	GlobalSection(ExtensibilityGlobals) = postSolution
		SolutionGuid = {7603F98C-F1DD-447F-8400-A56BB706E6A0}
	EndGlobalSection
EndGlobal
